Microsoft Visual Studio Solution File, Format Version 12.00
# Visual Studio Version 17
VisualStudioVersion = 17.5.2.0
MinimumVisualStudioVersion = 10.0.40219.1
Project("{FAE04EC0-301F-11D3-BF4B-00C04F79EFBC}") = "ConsoleAppVSC", "ConsoleAppVSC.csproj", "{48A52C66-8EA2-05CF-CB91-991551CBFAD7}"
EndProject
Global
	GlobalSection(SolutionConfigurationPlatforms) = preSolution
		Debug|Any CPU = Debug|Any CPU
		Release|Any CPU = Release|Any CPU
	EndGlobalSection
	GlobalSection(ProjectConfigurationPlatforms) = postSolution
		{48A52C66-8EA2-05CF-CB91-991551CBFAD7}.Debug|Any CPU.ActiveCfg = Debug|Any CPU
		{48A52C66-8EA2-05CF-CB91-991551CBFAD7}.Debug|Any CPU.Build.0 = Debug|Any CPU
		{48A52C66-8EA2-05CF-CB91-991551CBFAD7}.Release|Any CPU.ActiveCfg = Release|Any CPU
		{48A52C66-8EA2-05CF-CB91-991551CBFAD7}.Release|Any CPU.Build.0 = Release|Any CPU
	EndGlobalSection
	GlobalSection(SolutionProperties) = preSolution
		HideSolutionNode = FALSE
	EndGlobalSection
	GlobalSection(ExtensibilityGlobals) = postSolution
		SolutionGuid = {62F6A2BF-CD79-4F95-B4E6-4475D09F638A}
	EndGlobalSection
EndGlobal
