<Solution>
  <Project Path="ExoGradeTDD.Test/ExoGradeTDD.Test.csproj" />
  <Project Path="ExoGradeTDD/ExoGradeTDD.csproj" />
  <Project Path="ExoTDD3.Test/ExoTDD3.Test.csproj" Id="904e6ccd-504e-4c19-ac64-9bdb3c5b4830" />
  <Project Path="ExoTDD3/ExoTDD3.csproj" Id="bce502db-5378-4af7-8683-9bf733846e74" />
</Solution>
